github.com/BurntSushi/toml v0.3.1/go.mod h1:xHWCNGjB5oqiDr8zfno3MHue2Ht5sIBksp03qcyfWMU=
github.com/awalterschulze/gographviz v0.0.0-20170410065617-c84395e536e1/go.mod h1:GEV5wmg4YquNw7v1kkyoX9etIk8yVmXj+AkDHuuETHs=
github.com/chewxy/hm v1.0.0/go.mod h1:qg9YI4q6Fkj/whwHR1D+bOGeF7SniIP40VweVepLjg0=
github.com/chewxy/math32 v1.0.0/go.mod h1:Miac6hA1ohdDUTagnvJy/q+aNnEk16qWUdb8ZVhvCN0=
github.com/davecgh/go-spew v1.1.0/go.mod h1:J7Y8YcW2NihsgmVo/mv3lAwl/skON4iLHjSsI+c5H38=
github.com/davecgh/go-spew v1.1.1/go.mod h1:J7Y8YcW2NihsgmVo/mv3lAwl/skON4iLHjSsI+c5H38=
github.com/davecgh/go-spew v1.1.2-0.20180830191138-d8f796af33cc h1:U9qPSI2PIWSS1VwoXQT9A3Wy9MM3WgvqSxFWenqJduM=
github.com/davecgh/go-spew v1.1.2-0.20180830191138-d8f796af33cc/go.mod h1:J7Y8YcW2NihsgmVo/mv3lAwl/skON4iLHjSsI+c5H38=
github.com/dgrijalva/jwt-go v3.2.0+incompatible/go.mod h1:E3ru+11k8xSBh+hMPgOLZmtrrCbhqsmaPHjLKYnJCaQ=
github.com/dlclark/regexp2 v1.2.0 h1:8sAhBGEM0dRWogWqWyQeIJnxjWO6oIjl8FKqREDsGfk=
github.com/dlclark/regexp2 v1.2.0/go.mod h1:2pZnwuY/m+8K6iRw6wQdMtk+rH5tNGR1i55kozfMjCc=
github.com/dop251/goja v0.0.0-20190301185519-64be363d126e h1:tRjuynZo0xMi0l1ByvFH5/dgikEYA0PT7r8YPVHE9CU=
github.com/dop251/goja v0.0.0-20190301185519-64be363d126e/go.mod h1:Mw6PkjjMXWbTj+nnj4s3QPXq1jaT0s5pC0iFD4+BOAA=
github.com/go-sourcemap/sourcemap v2.1.2+incompatible h1:0b/xya7BKGhXuqFESKM4oIiRo9WOt2ebz7KxfreD6ug=
github.com/go-sourcemap/sourcemap v2.1.2+incompatible/go.mod h1:F8jJfvm2KbVjc5NqelyYJmf/v5J0dwNLS2mL4sNA1Jg=
github.com/gogo/protobuf v1.1.1/go.mod h1:r8qH/GZQm5c6nD/R0oafs1akxWv10x8SbQlK7atdtwQ=
github.com/golang/protobuf v1.2.0/go.mod h1:6lQm79b+lXiMfvg/cZm0SGofjICqVBUtrP5yJMmIC1U=
github.com/gonum/blas v0.0.0-20180125090452-e7c5890b24cf/go.mod h1:P32wAyui1PQ58Oce/KYkOqQv8cVw1zAapXOl+dRFGbc=
github.com/google/flatbuffers v1.10.0/go.mod h1:1AeVuKshWv4vARoZatz6mlQ0JxURH0Kv5+zNeJKJCa8=
github.com/google/renameio v0.1.0/go.mod h1:KWCgfxg9yswjAJkECMjeO8J8rahYeXnNhOm40UhjYkI=
github.com/julienschmidt/httprouter v1.2.0 h1:TDTW5Yz1mjftljbcKqRcrYhd4XeOoI98t+9HbQbYf7g=
github.com/julienschmidt/httprouter v1.2.0/go.mod h1:SYymIcj16QtmaHHD7aYtjjsJG7VTCxuUUipMqKk8s4w=
github.com/kisielk/gotool v1.0.0/go.mod h1:XhKaO+MFFWcvkIS/tQcRk01m1F5IRFswLeQ+oQHNcck=
github.com/kr/pretty v0.1.0/go.mod h1:dAy3ld7l9f0ibDNOQOHHMYYIIbhfbHSm3C4ZsoJORNo=
github.com/kr/pty v1.1.1/go.mod h1:pFQYn66WHrOpPYNljwOMqo10TkYh1fy3cYio2l3bCsQ=
github.com/kr/text v0.1.0/go.mod h1:4Jbv+DJW3UT/LiOwJeYQe1efqtUx/iVham/4vfdArNI=
github.com/leesper/go_rng v0.0.0-20171009123644-5344a9259b21/go.mod h1:N0SVk0uhy+E1PZ3C9ctsPRlvOPAFPkCNlcPBDkt0N3U=
github.com/oliveagle/jsonpath v0.0.0-20180606110733-2e52cf6e6852 h1:Yl0tPBa8QPjGmesFh1D0rDy+q1Twx6FyU7VWHi8wZbI=
github.com/oliveagle/jsonpath v0.0.0-20180606110733-2e52cf6e6852/go.mod h1:eqOVx5Vwu4gd2mmMZvVZsgIqNSaW3xxRThUJ0k/TPk4=
github.com/pkg/errors v0.8.0/go.mod h1:bwawxfHBFNV+L2hUp1rHADufV3IMtnDRdf1r5NINEl0=
github.com/pmezard/go-difflib v1.0.0 h1:4DBwDE0NGyQoBHbLQYPwSUPoCMWR5BEzIk/f1lZbAQM=
github.com/pmezard/go-difflib v1.0.0/go.mod h1:iKH77koFhYxTK1pcRnkKkqfTogsbg7gZNVY4sRDYZ/4=
github.com/project-flogo/contrib v0.9.0-alpha.4.0.20190318145021-54b56025362c h1:YN7EMat5RvlpkNII8/M9fsWNHNrFdEkv15qYPmILaxQ=
github.com/project-flogo/contrib v0.9.0-alpha.4.0.20190318145021-54b56025362c/go.mod h1:Kb5SnL/QUYZn6VevmylHjSLPNVa9B3jN53YeTF80iz4=
github.com/project-flogo/contrib/activity/channel v0.0.0-20190318145021-54b56025362c/go.mod h1:2K/MEJs+Pzc7L1d994mTgzW6SFYbwHeu19f8aA3Gwyc=
github.com/project-flogo/contrib/activity/counter v0.0.0-20190318145021-54b56025362c/go.mod h1:VwsdGZpaM6ROM5eJbpfYp2u8aZqVaak5ZBcaw853mYQ=
github.com/project-flogo/contrib/activity/jsexec v0.9.0 h1:FxlRWA4sL7l4pApd91xicQ3AghGLlrW0d+PFWv3g4lc=
github.com/project-flogo/contrib/activity/jsexec v0.9.0/go.mod h1:VTRHhfSNdz7DHTnpE8bMRrFi1mH6ftM5tv7sLcGyoTA=
github.com/project-flogo/contrib/activity/log v0.0.0-20190318145021-54b56025362c/go.mod h1:kZ9FG5aa5hhiSM0nZhNjgwZwkiyiWgok9tE9A4AHJk8=
github.com/project-flogo/contrib/activity/rest v0.0.0-20190318145021-54b56025362c/go.mod h1:er/hLSql054TeyhED80XCFpBXum9zwlxJWCDyrYyMXg=
github.com/project-flogo/contrib/function v0.0.0-20190318145021-54b56025362c h1:75/CBDBUUhWd7pVrzrsuXLe0H9KEu6BNLATyTtCKfKE=
github.com/project-flogo/contrib/function v0.0.0-20190318145021-54b56025362c/go.mod h1:Y/rZQdXA+M1VM448+fUrJwuu8Yq+mGrNH2MUjUMnKGw=
github.com/project-flogo/contrib/function/coerce v0.0.0-20190318145021-54b56025362c h1:8oFS7gPKJgX3FOEDsm+Otoh/x4A+TWm21hs+YJn3gy4=
github.com/project-flogo/contrib/function/coerce v0.0.0-20190318145021-54b56025362c/go.mod h1:rU6AC3X74T0uC/53T/lSrtt/c0qqKE8kA1sBfQAk4CQ=
github.com/project-flogo/contrib/function/json v0.0.0-20190318145021-54b56025362c h1:SffAsotA8KwwayLkR63vD9SChguqF1N6zhZww/mYZeo=
github.com/project-flogo/contrib/function/json v0.0.0-20190318145021-54b56025362c/go.mod h1:QhZzlNLqH/TWrMre+FLvqIykt7O79zbQ6pu9oAEdfB0=
github.com/project-flogo/contrib/function/number v0.0.0-20190318145021-54b56025362c h1:uCN1hO7hN4z5jyLDrXs+u9G0dcN0LBU9S/UkrubYSn0=
github.com/project-flogo/contrib/function/number v0.0.0-20190318145021-54b56025362c/go.mod h1:75NDwGNYUY2GjogyBYT4Hp1CJYpjwxIgQxYxkE9/xRs=
github.com/project-flogo/contrib/function/string v0.0.0-20190318145021-54b56025362c h1:IngOoKe16+6dA8TkplQxMwuQPmrd5nWVAIPr+RF+zrg=
github.com/project-flogo/contrib/function/string v0.0.0-20190318145021-54b56025362c/go.mod h1:r9BdpzbQx9un7zwUwlnPGIbgC3yejuFxw74rVky/t94=
github.com/project-flogo/contrib/trigger/channel v0.0.0-20190318145021-54b56025362c/go.mod h1:2E59vHxQcNEhkLUrTPJM0BdTcIBFyjEcZAeTUsF+KEM=
github.com/project-flogo/contrib/trigger/rest v0.0.0-20190318145021-54b56025362c/go.mod h1:k0U1vznzbRJ4A4NLoYVl+UQDoxIl/ANqfbtRjSO7xP0=
github.com/project-flogo/contrib/trigger/rest v0.0.0-20190322142340-97da16e70f7d h1:BQGS892sC6GAmOsu9zrn/HyTCYzSJeIvZ/W6GuzcvOY=
github.com/project-flogo/contrib/trigger/rest v0.0.0-20190322142340-97da16e70f7d/go.mod h1:HGVa79rraAQaL7vewmfF61rAeqNzRSjpvgekTEHBtHU=
github.com/project-flogo/core v0.9.0-alpha.6/go.mod h1:eB+hMcq51lOIeJ93K8Nvvm/vC3OI60ZaEgBbA4gtk8k=
github.com/project-flogo/core v0.9.0-alpha.6.0.20190315150153-4c57a9c50a67/go.mod h1:eB+hMcq51lOIeJ93K8Nvvm/vC3OI60ZaEgBbA4gtk8k=
github.com/project-flogo/core v0.9.0-beta.1 h1:tiRv5Lv6U1SnDJh6vB10y8AnEdF8/Zmahj8WgCDqS6I=
github.com/project-flogo/core v0.9.0-beta.1/go.mod h1:dzmBbQfNNC0g0KClKYQxxGJLe53MHafg75Vhmw2TW8U=
github.com/project-flogo/core v0.9.0 h1:/iR4m5L0zj5SuqLtDDZIRyvrvG8TxwxdM0n8ZURo1I4=
github.com/project-flogo/core v0.9.0/go.mod h1:QGWi7TDLlhGUaYH3n/16ImCuulbEHGADYEXyrcHhX7U=
github.com/project-flogo/microgateway v0.0.0-20190319203104-747b5cae041f h1:2HJ7qCJmrNvCZ56mdY/7dWCroHbnervMi9QSwnkF7Bc=
github.com/project-flogo/microgateway v0.0.0-20190319203104-747b5cae041f/go.mod h1:3hJTjH3ri5CAaa1orStplPYQ1RxM2brIziLM16XHgyo=
github.com/rogpeppe/go-internal v1.3.0/go.mod h1:M8bDsm7K2OlrFYOpmOWEs/qY81heoFRclV5y23lUDJ4=
github.com/square-it/jsonschema v1.9.1/go.mod h1:80WJHSuy3YnokzfFopfx+MAt5lVVnVpS6w2Avv+svHk=
github.com/stretchr/objx v0.1.0/go.mod h1:HFkY916IF+rwdDfMAkV7OtwuqBVzrE8GR6GFx+wExME=
github.com/stretchr/objx v0.1.1/go.mod h1:HFkY916IF+rwdDfMAkV7OtwuqBVzrE8GR6GFx+wExME=
github.com/stretchr/testify v1.2.2/go.mod h1:a8OnRcib4nhh0OaRAV+Yts87kKdq0PP7pXfy6kDkUVs=
github.com/stretchr/testify v1.3.0 h1:TivCn/peBQ7UY8ooIcPgZFpTNSz0Q2U6UrFlUfqbe0Q=
github.com/stretchr/testify v1.3.0/go.mod h1:M5WIy9Dh21IEIfnGCwXGc5bZfKNJtfHm1UVUgZn+9EI=
github.com/ulule/limiter v2.2.0+incompatible/go.mod h1:VJx/ZNGmClQDS5F6EmsGqK8j3jz1qJYZ6D9+MdAD+kw=
github.com/xeipuuv/gojsonpointer v0.0.0-20180127040702-4e3ac2762d5f h1:J9EGpcZtP0E/raorCMxlFGSTBrsSlaDGf3jU/qvAE2c=
github.com/xeipuuv/gojsonpointer v0.0.0-20180127040702-4e3ac2762d5f/go.mod h1:N2zxlSyiKSe5eX1tZViRH5QA0qijqEDrYZiPEAiq3wU=
github.com/xeipuuv/gojsonreference v0.0.0-20180127040603-bd5ef7bd5415 h1:EzJWgHovont7NscjpAxXsDA8S8BMYve8Y5+7cuRE7R0=
github.com/xeipuuv/gojsonreference v0.0.0-20180127040603-bd5ef7bd5415/go.mod h1:GwrjFmJcFw6At/Gs6z4yjiIwzuJ1/+UwLxMQDVQXShQ=
github.com/xeipuuv/gojsonschema v1.1.0 h1:ngVtJC9TY/lg0AA/1k48FYhBrhRoFlEmWzsehpNAaZg=
github.com/xeipuuv/gojsonschema v1.1.0/go.mod h1:5yf86TLmAcydyeJq5YvxkGPE2fm/u4myDekKRoLuqhs=
github.com/xtgo/set v1.0.0/go.mod h1:d3NHzGzSa0NmB2NhFyECA+QdRp29oEn2xbT+TpeFoM8=
go.uber.org/atomic v1.3.2/go.mod h1:gD2HeocX3+yG+ygLZcrzQJaqmWj9AIm7n08wl/qW/PE=
go.uber.org/atomic v1.4.0/go.mod h1:gD2HeocX3+yG+ygLZcrzQJaqmWj9AIm7n08wl/qW/PE=
go.uber.org/atomic v1.5.0/go.mod h1:sABNBOSYdrvTF6hTgEIbc7YasKWGhgEQZyfxyTvoXHQ=
go.uber.org/atomic v1.5.1 h1:rsqfU5vBkVknbhUGbAUwQKR2H4ItV8tjJ+6kJX4cxHM=
go.uber.org/atomic v1.5.1/go.mod h1:sABNBOSYdrvTF6hTgEIbc7YasKWGhgEQZyfxyTvoXHQ=
go.uber.org/multierr v1.1.0/go.mod h1:wR5kodmAFQ0UK8QlbwjlSNy0Z68gJhDJUG5sjR94q/0=
go.uber.org/multierr v1.4.0 h1:f3WCSC2KzAcBXGATIxAB1E2XuCpNU255wNKZ505qi3E=
go.uber.org/multierr v1.4.0/go.mod h1:VgVr7evmIr6uPjLBxg28wmKNXyqE9akIJ5XnfpiKl+4=
go.uber.org/tools v0.0.0-20190618225709-2cfd321de3ee/go.mod h1:vJERXedbb3MVM5f9Ejo0C68/HhF8uaILCdgjnY+goOA=
go.uber.org/zap v1.9.1 h1:XCJQEf3W6eZaVwhRBof6ImoYGJSITeKWsyeh3HFu/5o=
go.uber.org/zap v1.9.1/go.mod h1:vwi/ZaCAaUcBkycHslxD9B2zi4UTXhF60s6SWpuDF0Q=
golang.org/x/crypto v0.0.0-20190308221718-c2843e01d9a2/go.mod h1:djNgcEr1/C05ACkg1iLfiJU5Ep61QUkGW8qpdssI0+w=
golang.org/x/crypto v0.0.0-20190510104115-cbcb75029529/go.mod h1:yigFU9vqHzYiE8UmvKecakEJjdnWj3jj499lnFckfCI=
golang.org/x/exp v0.0.0-20181022080537-42ba7d4b6eb2/go.mod h1:CJ0aWSM057203Lf6IL+f9T1iT9GByDxfZKAQTCR3kQA=
golang.org/x/lint v0.0.0-20190930215403-16217165b5de/go.mod h1:6SW0HCj/g11FgYtHlgUYUwCkIfeOF89ocIRzGO/8vkc=
golang.org/x/mod v0.0.0-20190513183733-4bf6d317e70e/go.mod h1:mXi4GBBbnImb6dmsKGUJ2LatrhH/nqhxcFungHvyanc=
golang.org/x/net v0.0.0-20181023162649-9b4f9f5ad519/go.mod h1:mL1N/T3taQHkDXs73rZJwtUhF3w3ftmwwsq0BUmARs4=
golang.org/x/net v0.0.0-20190311183353-d8887717615a/go.mod h1:t9HGtf8HONx5eT2rtn7q6eTqICYqUVnKs3thJo3Qplg=
golang.org/x/net v0.0.0-20190404232315-eb5bcb51f2a3/go.mod h1:t9HGtf8HONx5eT2rtn7q6eTqICYqUVnKs3thJo3Qplg=
golang.org/x/net v0.0.0-20190620200207-3b0461eec859/go.mod h1:z5CRVTTTmAJ677TzLLGU+0bjPO0LkuOLi4/5GtJWs/s=
golang.org/x/sync v0.0.0-20180314180146-1d60e4601c6f/go.mod h1:RxMgew5VJxzue5/jJTE5uejpjVlOe/izrB70Jof72aM=
golang.org/x/sync v0.0.0-20190423024810-112230192c58/go.mod h1:RxMgew5VJxzue5/jJTE5uejpjVlOe/izrB70Jof72aM=
golang.org/x/sys v0.0.0-20190215142949-d0b11bdaac8a/go.mod h1:STP8DvDyc/dI5b8T5hshtkjS+E42TnysNCUPdjciGhY=
golang.org/x/sys v0.0.0-20190412213103-97732733099d/go.mod h1:h1NjWce9XRLGQEsW7wpKNCjG9DtNlClVuFLEZdDNbEs=
golang.org/x/text v0.3.0 h1:g61tztE5qeGQ89tm6NTjjM9VPIm088od1l6aSorWRWg=
golang.org/x/text v0.3.0/go.mod h1:NqM8EUOU14njkJ3fqMW+pc6Ldnwhi/IjpwHt7yyuwOQ=
golang.org/x/tools v0.0.0-20190311212946-11955173bddd/go.mod h1:LCzVGOaR6xXOjkQ3onu1FJEFr0SW1gC7cKk1uF8kGRs=
golang.org/x/tools v0.0.0-20190621195816-6e04913cbbac/go.mod h1:/rFqwRUd4F7ZHNgwSSTFct+R/Kf4OFW1sUzUTQQTgfc=
golang.org/x/tools v0.0.0-20191029041327-9cc4af7d6b2c/go.mod h1:b+2E5dAYhXwXZwtnZ6UAqBI28+e2cm9otk0dWdXHAEo=
golang.org/x/tools v0.0.0-20191029190741-b9c20aec41a5/go.mod h1:b+2E5dAYhXwXZwtnZ6UAqBI28+e2cm9otk0dWdXHAEo=
golang.org/x/xerrors v0.0.0-20190717185122-a985d3407aa7/go.mod h1:I/5z698sn9Ka8TeJc9MKroUUfqBBauWjQqLJ2OPfmY0=
gonum.org/v1/gonum v0.0.0-20180622153253-e9e56344e335/go.mod h1:cucAdkem48eM79EG1fdGOGASXorNZIYAO9duTse+1cI=
gopkg.in/check.v1 v1.0.0-20180628173108-788fd7840127/go.mod h1:Co6ibVJAznAaIkqp8huTwlJQCZ016jof/cbN4VW5Yz0=
gopkg.in/errgo.v2 v2.1.0/go.mod h1:hNsd1EY+bozCKY1Ytp96fpM3vjJbqLJn88ws8XvfDNI=
gorgonia.org/cu v0.8.0/go.mod h1:RPEPIfaxxqUmeRe7T1T8a0NER+KxBI2McoLEXhP1Vd8=
gorgonia.org/dawson v1.0.0/go.mod h1:Px1mcziba8YUBIDsbzGwbKJ11uIblv/zkln4jNrZ9Ws=
gorgonia.org/gorgonia v0.9.0-beta/go.mod h1:qucT7YHm/2OuSHWEw/6Je/LQ5htRJNQJ1+qpB58fY8c=
gorgonia.org/tensor v0.9.0-beta/go.mod h1:05Y4laKuVlj4qFoZIZW1q/9n1jZkgDBOLmKXZdBLG1w=
gorgonia.org/vecf32 v0.0.0-20180224100446-da24147133d9/go.mod h1:iHG+kvTMqGYA0SgahfO2k62WRnxmHsqAREGbayRDzy8=
gorgonia.org/vecf64 v0.0.0-20180224100512-6314d1b6cefc/go.mod h1:1y4pmcSd+wh3phG+InwWQjYrqwyrtN9h27WLFVQfV1Q=
honnef.co/go/tools v0.0.1-2019.2.3/go.mod h1:a3bituU0lyd329TUQxRnasdCoJDkEUEAqEt0JzvZhAg=
